{
  "name": "rxjs-tutorial",
  "version": "1.0.0",
  "lockfileVersion": 1,
  "requires": true,
  "dependencies": {
    "@reactivex/rxjs": {
      "version": "6.3.3",
      "resolved": "https://registry.npmjs.org/@reactivex/rxjs/-/rxjs-6.3.3.tgz",
      "integrity": "sha512-R81XuSYrXaSNjR8kwGN5jMJ6ACno61lrzRoObMuLTBa+1K6f0mbplu4q+l9NRWsmGcX3MsTV2v8CjYTt4aTCqg==",
      "dev": true,
      "requires": {
        "tslib": "1.9.3"
      }
    },
    "@types/node": {
      "version": "10.11.4",
      "resolved": "https://registry.npmjs.org/@types/node/-/node-10.11.4.tgz",
      "integrity": "sha512-ojnbBiKkZFYRfQpmtnnWTMw+rzGp/JiystjluW9jgN3VzRwilXddJ6aGQ9V/7iuDG06SBgn7ozW9k3zcAnYjYQ==",
      "dev": true
    },
    "rxjs": {
      "version": "6.3.3",
      "resolved": "https://registry.npmjs.org/rxjs/-/rxjs-6.3.3.tgz",
      "integrity": "sha512-JTWmoY9tWCs7zvIk/CvRjhjGaOd+OVBM987mxFo+OW66cGpdKjZcpmc74ES1sB//7Kl/PAe8+wEakuhG4pcgOw==",
      "requires": {
        "tslib": "1.9.3"
      }
    },
    "tslib": {
      "version": "1.9.3",
      "resolved": "https://registry.npmjs.org/tslib/-/tslib-1.9.3.tgz",
      "integrity": "sha512-4krF8scpejhaOgqzBEcGM7yDIEfi0/8+8zDRZhNZZ2kjmHJ4hv3zCbQWxoJGz1iw5U0Jl0nma13xzHXcncMavQ=="
    }
  }
}
